
Microsoft Visual Studio Solution File, Format Version 12.00
# Visual Studio Version 16
VisualStudioVersion = 16.0.34031.81
MinimumVisualStudioVersion = 10.0.40219.1
Project("{FAE04EC0-301F-11D3-BF4B-00C04F79EFBC}") = "ExamWeb_NguyenChauTanPhat", "ExamWeb_NguyenChauTanPhat\ExamWeb_NguyenChauTanPhat.csproj", "{D6E6332B-E6EF-483D-B3D3-2ED0B975EFBC}"
EndProject
Global
	GlobalSection(SolutionConfigurationPlatforms) = preSolution
		Debug|Any CPU = Debug|Any CPU
		Release|Any CPU = Release|Any CPU
	EndGlobalSection
	GlobalSection(ProjectConfigurationPlatforms) = postSolution
		{D6E6332B-E6EF-483D-B3D3-2ED0B975EFBC}.Debug|Any CPU.ActiveCfg = Debug|Any CPU
		{D6E6332B-E6EF-483D-B3D3-2ED0B975EFBC}.Debug|Any CPU.Build.0 = Debug|Any CPU
		{D6E6332B-E6EF-483D-B3D3-2ED0B975EFBC}.Release|Any CPU.ActiveCfg = Release|Any CPU
		{D6E6332B-E6EF-483D-B3D3-2ED0B975EFBC}.Release|Any CPU.Build.0 = Release|Any CPU
	EndGlobalSection
	GlobalSection(SolutionProperties) = preSolution
		HideSolutionNode = FALSE
	EndGlobalSection
	GlobalSection(ExtensibilityGlobals) = postSolution
		SolutionGuid = {DC31AFC3-E6F8-4422-9EA7-B163C41CBAD2}
	EndGlobalSection
EndGlobal
